// !$*UTF8*$!
{
	archiveVersion = 1;
	classes = {
	};
	objectVersion = 46;
	objects = {

/* Begin PBXBuildFile section */
		49CAF8941A4550AF00D288A4 /* AppDelegate.swift in Sources */ = {isa = PBXBuildFile; fileRef = 49CAF8931A4550AF00D288A4 /* AppDelegate.swift */; };
		49CAF8961A4550AF00D288A4 /* ViewController.swift in Sources */ = {isa = PBXBuildFile; fileRef = 49CAF8951A4550AF00D288A4 /* ViewController.swift */; };
		49CAF8991A4550AF00D288A4 /* Main.storyboard in Resources */ = {isa = PBXBuildFile; fileRef = 49CAF8971A4550AF00D288A4 /* Main.storyboard */; };
		49CAF89B1A4550AF00D288A4 /* Images.xcassets in Resources */ = {isa = PBXBuildFile; fileRef = 49CAF89A1A4550AF00D288A4 /* Images.xcassets */; };
		49CAF89E1A4550AF00D288A4 /* LaunchScreen.xib in Resources */ = {isa = PBXBuildFile; fileRef = 49CAF89C1A4550AF00D288A4 /* LaunchScreen.xib */; };
		49CAF8AA1A4550AF00D288A4 /* PostcardTests.swift in Sources */ = {isa = PBXBuildFile; fileRef = 49CAF8A91A4550AF00D288A4 /* PostcardTests.swift */; };
		49CAF8B41A4557BC00D288A4 /* SagradaFamilia.jpeg in Resources */ = {isa = PBXBuildFile; fileRef = 49CAF8B31A4557BC00D288A4 /* SagradaFamilia.jpeg */; };
		49CAF8B61A4559E800D288A4 /* Albert_Einstein_1979_USSR_Stamp.jpg in Resources */ = {isa = PBXBuildFile; fileRef = 49CAF8B51A4559E800D288A4 /* Albert_Einstein_1979_USSR_Stamp.jpg */; };
/* End PBXBuildFile section */

/* Begin PBXContainerItemProxy section */
		49CAF8A41A4550AF00D288A4 /* PBXContainerItemProxy */ = {
			isa = PBXContainerItemProxy;
			containerPortal = 49CAF8861A4550AF00D288A4 /* Project object */;
			proxyType = 1;
			remoteGlobalIDString = 49CAF88D1A4550AF00D288A4;
			remoteInfo = Postcard;
		};
/* End PBXContainerItemProxy section */

/* Begin PBXFileReference section */
		49CAF88E1A4550AF00D288A4 /* Postcard.app */ = {isa = PBXFileReference; explicitFileType = wrapper.application; includeInIndex = 0; path = Postcard.app; sourceTree = BUILT_PRODUCTS_DIR; };
		49CAF8921A4550AF00D288A4 /* Info.plist */ = {isa = PBXFileReference; lastKnownFileType = text.plist.xml; path = Info.plist; sourceTree = "<group>"; };
		49CAF8931A4550AF00D288A4 /* AppDelegate.swift */ = {isa = PBXFileReference; lastKnownFileType = sourcecode.swift; path = AppDelegate.swift; sourceTree = "<group>"; };
		49CAF8951A4550AF00D288A4 /* ViewController.swift */ = {isa = PBXFileReference; lastKnownFileType = sourcecode.swift; path = ViewController.swift; sourceTree = "<group>"; };
		49CAF8981A4550AF00D288A4 /* Base */ = {isa = PBXFileReference; lastKnownFileType = file.storyboard; name = Base; path = Base.lproj/Main.storyboard; sourceTree = "<group>"; };
		49CAF89A1A4550AF00D288A4 /* Images.xcassets */ = {isa = PBXFileReference; lastKnownFileType = folder.assetcatalog; path = Images.xcassets; sourceTree = "<group>"; };
		49CAF89D1A4550AF00D288A4 /* Base */ = {isa = PBXFileReference; lastKnownFileType = file.xib; name = Base; path = Base.lproj/LaunchScreen.xib; sourceTree = "<group>"; };
		49CAF8A31A4550AF00D288A4 /* PostcardTests.xctest */ = {isa = PBXFileReference; explicitFileType = wrapper.cfbundle; includeInIndex = 0; path = PostcardTests.xctest; sourceTree = BUILT_PRODUCTS_DIR; };
		49CAF8A81A4550AF00D288A4 /* Info.plist */ = {isa = PBXFileReference; lastKnownFileType = text.plist.xml; path = Info.plist; sourceTree = "<group>"; };
		49CAF8A91A4550AF00D288A4 /* PostcardTests.swift */ = {isa = PBXFileReference; lastKnownFileType = sourcecode.swift; path = PostcardTests.swift; sourceTree = "<group>"; };
		49CAF8B31A4557BC00D288A4 /* SagradaFamilia.jpeg */ = {isa = PBXFileReference; lastKnownFileType = image.jpeg; path = SagradaFamilia.jpeg; sourceTree = "<group>"; };
		49CAF8B51A4559E800D288A4 /* Albert_Einstein_1979_USSR_Stamp.jpg */ = {isa = PBXFileReference; lastKnownFileType = image.jpeg; path = Albert_Einstein_1979_USSR_Stamp.jpg; sourceTree = "<group>"; };
/* End PBXFileReference section */

/* Begin PBXFrameworksBuildPhase section */
		49CAF88B1A4550AF00D288A4 /* Frameworks */ = {
			isa = PBXFrameworksBuildPhase;
			buildActionMask = 2147483647;
			files = (
			);
			runOnlyForDeploymentPostprocessing = 0;
		};
		49CAF8A01A4550AF00D288A4 /* Frameworks */ = {
			isa = PBXFrameworksBuildPhase;
			buildActionMask = 2147483647;
			files = (
			);
			runOnlyForDeploymentPostprocessing = 0;
		};
/* End PBXFrameworksBuildPhase section */

/* Begin PBXGroup section */
		49CAF8851A4550AF00D288A4 = {
			isa = PBXGroup;
			children = (
				49CAF8901A4550AF00D288A4 /* Postcard */,
				49CAF8A61A4550AF00D288A4 /* PostcardTests */,
				49CAF88F1A4550AF00D288A4 /* Products */,
			);
			sourceTree = "<group>";
		};
		49CAF88F1A4550AF00D288A4 /* Products */ = {
			isa = PBXGroup;
			children = (
				49CAF88E1A4550AF00D288A4 /* Postcard.app */,
				49CAF8A31A4550AF00D288A4 /* PostcardTests.xctest */,
			);
			name = Products;
			sourceTree = "<group>";
		};
		49CAF8901A4550AF00D288A4 /* Postcard */ = {
			isa = PBXGroup;
			children = (
				49CAF8931A4550AF00D288A4 /* AppDelegate.swift */,
				49CAF8951A4550AF00D288A4 /* ViewController.swift */,
				49CAF8971A4550AF00D288A4 /* Main.storyboard */,
				49CAF89A1A4550AF00D288A4 /* Images.xcassets */,
				49CAF89C1A4550AF00D288A4 /* LaunchScreen.xib */,
				49CAF8911A4550AF00D288A4 /* Supporting Files */,
			);
			path = Postcard;
			sourceTree = "<group>";
		};
		49CAF8911A4550AF00D288A4 /* Supporting Files */ = {
			isa = PBXGroup;
			children = (
				49CAF8B31A4557BC00D288A4 /* SagradaFamilia.jpeg */,
				49CAF8B51A4559E800D288A4 /* Albert_Einstein_1979_USSR_Stamp.jpg */,
				49CAF8921A4550AF00D288A4 /* Info.plist */,
			);
			name = "Supporting Files";
			sourceTree = "<group>";
		};
		49CAF8A61A4550AF00D288A4 /* PostcardTests */ = {
			isa = PBXGroup;
			children = (
				49CAF8A91A4550AF00D288A4 /* PostcardTests.swift */,
				49CAF8A71A4550AF00D288A4 /* Supporting Files */,
			);
			path = PostcardTests;
			sourceTree = "<group>";
		};
		49CAF8A71A4550AF00D288A4 /* Supporting Files */ = {
			isa = PBXGroup;
			children = (
				49CAF8A81A4550AF00D288A4 /* Info.plist */,
			);
			name = "Supporting Files";
			sourceTree = "<group>";
		};
/* End PBXGroup section */

/* Begin PBXNativeTarget section */
		49CAF88D1A4550AF00D288A4 /* Postcard */ = {
			isa = PBXNativeTarget;
			buildConfigurationList = 49CAF8AD1A4550AF00D288A4 /* Build configuration list for PBXNativeTarget "Postcard" */;
			buildPhases = (
				49CAF88A1A4550AF00D288A4 /* Sources */,
				49CAF88B1A4550AF00D288A4 /* Frameworks */,
				49CAF88C1A4550AF00D288A4 /* Resources */,
			);
			buildRules = (
			);
			dependencies = (
			);
			name = Postcard;
			productName = Postcard;
			productReference = 49CAF88E1A4550AF00D288A4 /* Postcard.app */;
			productType = "com.apple.product-type.application";
		};
		49CAF8A21A4550AF00D288A4 /* PostcardTests */ = {
			isa = PBXNativeTarget;
			buildConfigurationList = 49CAF8B01A4550AF00D288A4 /* Build configuration list for PBXNativeTarget "PostcardTests" */;
			buildPhases = (
				49CAF89F1A4550AF00D288A4 /* Sources */,
				49CAF8A01A4550AF00D288A4 /* Frameworks */,
				49CAF8A11A4550AF00D288A4 /* Resources */,
			);
			buildRules = (
			);
			dependencies = (
				49CAF8A51A4550AF00D288A4 /* PBXTargetDependency */,
			);
			name = PostcardTests;
			productName = PostcardTests;
			productReference = 49CAF8A31A4550AF00D288A4 /* PostcardTests.xctest */;
			productType = "com.apple.product-type.bundle.unit-test";
		};
/* End PBXNativeTarget section */

/* Begin PBXProject section */
		49CAF8861A4550AF00D288A4 /* Project object */ = {
			isa = PBXProject;
			attributes = {
				LastUpgradeCheck = 0610;
				ORGANIZATIONNAME = "Eita Hatayama";
				TargetAttributes = {
					49CAF88D1A4550AF00D288A4 = {
						CreatedOnToolsVersion = 6.1.1;
					};
					49CAF8A21A4550AF00D288A4 = {
						CreatedOnToolsVersion = 6.1.1;
						TestTargetID = 49CAF88D1A4550AF00D288A4;
					};
				};
			};
			buildConfigurationList = 49CAF8891A4550AF00D288A4 /* Build configuration list for PBXProject "Postcard" */;
			compatibilityVersion = "Xcode 3.2";
			developmentRegion = English;
			hasScannedForEncodings = 0;
			knownRegions = (
				en,
				Base,
			);
			mainGroup = 49CAF8851A4550AF00D288A4;
			productRefGroup = 49CAF88F1A4550AF00D288A4 /* Products */;
			projectDirPath = "";
			projectRoot = "";
			targets = (
				49CAF88D1A4550AF00D288A4 /* Postcard */,
				49CAF8A21A4550AF00D288A4 /* PostcardTests */,
			);
		};
/* End PBXProject section */

/* Begin PBXResourcesBuildPhase section */
		49CAF88C1A4550AF00D288A4 /* Resources */ = {
			isa = PBXResourcesBuildPhase;
			buildActionMask = 2147483647;
			files = (
				49CAF8991A4550AF00D288A4 /* Main.storyboard in Resources */,
				49CAF8B41A4557BC00D288A4 /* SagradaFamilia.jpeg in Resources */,
				49CAF8B61A4559E800D288A4 /* Albert_Einstein_1979_USSR_Stamp.jpg in Resources */,
				49CAF89E1A4550AF00D288A4 /* LaunchScreen.xib in Resources */,
				49CAF89B1A4550AF00D288A4 /* Images.xcassets in Resources */,
			);
			runOnlyForDeploymentPostprocessing = 0;
		};
		49CAF8A11A4550AF00D288A4 /* Resources */ = {
			isa = PBXResourcesBuildPhase;
			buildActionMask = 2147483647;
			files = (
			);
			runOnlyForDeploymentPostprocessing = 0;
		};
/* End PBXResourcesBuildPhase section */

/* Begin PBXSourcesBuildPhase section */
		49CAF88A1A4550AF00D288A4 /* Sources */ = {
			isa = PBXSourcesBuildPhase;
			buildActionMask = 2147483647;
			files = (
				49CAF8961A4550AF00D288A4 /* ViewController.swift in Sources */,
				49CAF8941A4550AF00D288A4 /* AppDelegate.swift in Sources */,
			);
			runOnlyForDeploymentPostprocessing = 0;
		};
		49CAF89F1A4550AF00D288A4 /* Sources */ = {
			isa = PBXSourcesBuildPhase;
			buildActionMask = 2147483647;
			files = (
				49CAF8AA1A4550AF00D288A4 /* PostcardTests.swift in Sources */,
			);
			runOnlyForDeploymentPostprocessing = 0;
		};
/* End PBXSourcesBuildPhase section */

/* Begin PBXTargetDependency section */
		49CAF8A51A4550AF00D288A4 /* PBXTargetDependency */ = {
			isa = PBXTargetDependency;
			target = 49CAF88D1A4550AF00D288A4 /* Postcard */;
			targetProxy = 49CAF8A41A4550AF00D288A4 /* PBXContainerItemProxy */;
		};
/* End PBXTargetDependency section */

/* Begin PBXVariantGroup section */
		49CAF8971A4550AF00D288A4 /* Main.storyboard */ = {
			isa = PBXVariantGroup;
			children = (
				49CAF8981A4550AF00D288A4 /* Base */,
			);
			name = Main.storyboard;
			sourceTree = "<group>";
		};
		49CAF89C1A4550AF00D288A4 /* LaunchScreen.xib */ = {
			isa = PBXVariantGroup;
			children = (
				49CAF89D1A4550AF00D288A4 /* Base */,
			);
			name = LaunchScreen.xib;
			sourceTree = "<group>";
		};
/* End PBXVariantGroup section */

/* Begin XCBuildConfiguration section */
		49CAF8AB1A4550AF00D288A4 /* Debug */ = {
			isa = XCBuildConfiguration;
			buildSettings = {
				ALWAYS_SEARCH_USER_PATHS = NO;
				CLANG_CXX_LANGUAGE_STANDARD = "gnu++0x";
				CLANG_CXX_LIBRARY = "libc++";
				CLANG_ENABLE_MODULES = YES;
				CLANG_ENABLE_OBJC_ARC = YES;
				CLANG_WARN_BOOL_CONVERSION = YES;
				CLANG_WARN_CONSTANT_CONVERSION = YES;
				CLANG_WARN_DIRECT_OBJC_ISA_USAGE = YES_ERROR;
				CLANG_WARN_EMPTY_BODY = YES;
				CLANG_WARN_ENUM_CONVERSION = YES;
				CLANG_WARN_INT_CONVERSION = YES;
				CLANG_WARN_OBJC_ROOT_CLASS = YES_ERROR;
				CLANG_WARN_UNREACHABLE_CODE = YES;
				CLANG_WARN__DUPLICATE_METHOD_MATCH = YES;
				"CODE_SIGN_IDENTITY[sdk=iphoneos*]" = "iPhone Developer";
				COPY_PHASE_STRIP = NO;
				ENABLE_STRICT_OBJC_MSGSEND = YES;
				GCC_C_LANGUAGE_STANDARD = gnu99;
				GCC_DYNAMIC_NO_PIC = NO;
				GCC_OPTIMIZATION_LEVEL = 0;
				GCC_PREPROCESSOR_DEFINITIONS = (
					"DEBUG=1",
					"$(inherited)",
				);
				GCC_SYMBOLS_PRIVATE_EXTERN = NO;
				GCC_WARN_64_TO_32_BIT_CONVERSION = YES;
				GCC_WARN_ABOUT_RETURN_TYPE = YES_ERROR;
				GCC_WARN_UNDECLARED_SELECTOR = YES;
				GCC_WARN_UNINITIALIZED_AUTOS = YES_AGGRESSIVE;
				GCC_WARN_UNUSED_FUNCTION = YES;
				GCC_WARN_UNUSED_VARIABLE = YES;
				IPHONEOS_DEPLOYMENT_TARGET = 8.1;
				MTL_ENABLE_DEBUG_INFO = YES;
				ONLY_ACTIVE_ARCH = YES;
				SDKROOT = iphoneos;
				SWIFT_OPTIMIZATION_LEVEL = "-Onone";
				TARGETED_DEVICE_FAMILY = "1,2";
			};
			name = Debug;
		};
		49CAF8AC1A4550AF00D288A4 /* Release */ = {
			isa = XCBuildConfiguration;
			buildSettings = {
				ALWAYS_SEARCH_USER_PATHS = NO;
				CLANG_CXX_LANGUAGE_STANDARD = "gnu++0x";
				CLANG_CXX_LIBRARY = "libc++";
				CLANG_ENABLE_MODULES = YES;
				CLANG_ENABLE_OBJC_ARC = YES;
				CLANG_WARN_BOOL_CONVERSION = YES;
				CLANG_WARN_CONSTANT_CONVERSION = YES;
				CLANG_WARN_DIRECT_OBJC_ISA_USAGE = YES_ERROR;
				CLANG_WARN_EMPTY_BODY = YES;
				CLANG_WARN_ENUM_CONVERSION = YES;
				CLANG_WARN_INT_CONVERSION = YES;
				CLANG_WARN_OBJC_ROOT_CLASS = YES_ERROR;
				CLANG_WARN_UNREACHABLE_CODE = YES;
				CLANG_WARN__DUPLICATE_METHOD_MATCH = YES;
				"CODE_SIGN_IDENTITY[sdk=iphoneos*]" = "iPhone Developer";
				COPY_PHASE_STRIP = YES;
				ENABLE_NS_ASSERTIONS = NO;
				ENABLE_STRICT_OBJC_MSGSEND = YES;
				GCC_C_LANGUAGE_STANDARD = gnu99;
				GCC_WARN_64_TO_32_BIT_CONVERSION = YES;
				GCC_WARN_ABOUT_RETURN_TYPE = YES_ERROR;
				GCC_WARN_UNDECLARED_SELECTOR = YES;
				GCC_WARN_UNINITIALIZED_AUTOS = YES_AGGRESSIVE;
				GCC_WARN_UNUSED_FUNCTION = YES;
				GCC_WARN_UNUSED_VARIABLE = YES;
				IPHONEOS_DEPLOYMENT_TARGET = 8.1;
				MTL_ENABLE_DEBUG_INFO = NO;
				SDKROOT = iphoneos;
				TARGETED_DEVICE_FAMILY = "1,2";
				VALIDATE_PRODUCT = YES;
			};
			name = Release;
		};
		49CAF8AE1A4550AF00D288A4 /* Debug */ = {
			isa = XCBuildConfiguration;
			buildSettings = {
				ASSETCATALOG_COMPILER_APPICON_NAME = AppIcon;
				INFOPLIST_FILE = Postcard/Info.plist;
				LD_RUNPATH_SEARCH_PATHS = "$(inherited) @executable_path/Frameworks";
				PRODUCT_NAME = "$(TARGET_NAME)";
			};
			name = Debug;
		};
		49CAF8AF1A4550AF00D288A4 /* Release */ = {
			isa = XCBuildConfiguration;
			buildSettings = {
				ASSETCATALOG_COMPILER_APPICON_NAME = AppIcon;
				INFOPLIST_FILE = Postcard/Info.plist;
				LD_RUNPATH_SEARCH_PATHS = "$(inherited) @executable_path/Frameworks";
				PRODUCT_NAME = "$(TARGET_NAME)";
			};
			name = Release;
		};
		49CAF8B11A4550AF00D288A4 /* Debug */ = {
			isa = XCBuildConfiguration;
			buildSettings = {
				BUNDLE_LOADER = "$(TEST_HOST)";
				FRAMEWORK_SEARCH_PATHS = (
					"$(SDKROOT)/Developer/Library/Frameworks",
					"$(inherited)",
				);
				GCC_PREPROCESSOR_DEFINITIONS = (
					"DEBUG=1",
					"$(inherited)",
				);
				INFOPLIST_FILE = PostcardTests/Info.plist;
				LD_RUNPATH_SEARCH_PATHS = "$(inherited) @executable_path/Frameworks @loader_path/Frameworks";
				PRODUCT_NAME = "$(TARGET_NAME)";
				TEST_HOST = "$(BUILT_PRODUCTS_DIR)/Postcard.app/Postcard";
			};
			name = Debug;
		};
		49CAF8B21A4550AF00D288A4 /* Release */ = {
			isa = XCBuildConfiguration;
			buildSettings = {
				BUNDLE_LOADER = "$(TEST_HOST)";
				FRAMEWORK_SEARCH_PATHS = (
					"$(SDKROOT)/Developer/Library/Frameworks",
					"$(inherited)",
				);
				INFOPLIST_FILE = PostcardTests/Info.plist;
				LD_RUNPATH_SEARCH_PATHS = "$(inherited) @executable_path/Frameworks @loader_path/Frameworks";
				PRODUCT_NAME = "$(TARGET_NAME)";
				TEST_HOST = "$(BUILT_PRODUCTS_DIR)/Postcard.app/Postcard";
			};
			name = Release;
		};
/* End XCBuildConfiguration section */

/* Begin XCConfigurationList section */
		49CAF8891A4550AF00D288A4 /* Build configuration list for PBXProject "Postcard" */ = {
			isa = XCConfigurationList;
			buildConfigurations = (
				49CAF8AB1A4550AF00D288A4 /* Debug */,
				49CAF8AC1A4550AF00D288A4 /* Release */,
			);
			defaultConfigurationIsVisible = 0;
			defaultConfigurationName = Release;
		};
		49CAF8AD1A4550AF00D288A4 /* Build configuration list for PBXNativeTarget "Postcard" */ = {
			isa = XCConfigurationList;
			buildConfigurations = (
				49CAF8AE1A4550AF00D288A4 /* Debug */,
				49CAF8AF1A4550AF00D288A4 /* Release */,
			);
			defaultConfigurationIsVisible = 0;
		};
		49CAF8B01A4550AF00D288A4 /* Build configuration list for PBXNativeTarget "PostcardTests" */ = {
			isa = XCConfigurationList;
			buildConfigurations = (
				49CAF8B11A4550AF00D288A4 /* Debug */,
				49CAF8B21A4550AF00D288A4 /* Release */,
			);
			defaultConfigurationIsVisible = 0;
		};
/* End XCConfigurationList section */
	};
	rootObject = 49CAF8861A4550AF00D288A4 /* Project object */;
}
